
Microsoft Visual Studio Solution File, Format Version 12.00
# Visual Studio Version 16
VisualStudioVersion = 16.0.30002.166
MinimumVisualStudioVersion = 10.0.40219.1
Project("{9A19103F-16F7-4668-BE54-9A1E7A4F7556}") = "ADS-Bot-V1", "ADS-Bot-V1.csproj", "{A8FF2DBA-122D-4678-8D7A-10F02016BDC8}"
EndProject
Project("{FAE04EC0-301F-11D3-BF4B-00C04F79EFBC}") = "ADS_Sync", "..\ADS_Sync\ADS_Sync.csproj", "{D48913E4-461F-40C4-94FA-5EF8C2440EAA}"
EndProject
Global
	GlobalSection(SolutionConfigurationPlatforms) = preSolution
		Debug|Any CPU = Debug|Any CPU
		Release|Any CPU = Release|Any CPU
	EndGlobalSection
	GlobalSection(ProjectConfigurationPlatforms) = postSolution
		{A8FF2DBA-122D-4678-8D7A-10F02016BDC8}.Debug|Any CPU.ActiveCfg = Debug|Any CPU
		{A8FF2DBA-122D-4678-8D7A-10F02016BDC8}.Debug|Any CPU.Build.0 = Debug|Any CPU
		{A8FF2DBA-122D-4678-8D7A-10F02016BDC8}.Release|Any CPU.ActiveCfg = Release|Any CPU
		{A8FF2DBA-122D-4678-8D7A-10F02016BDC8}.Release|Any CPU.Build.0 = Release|Any CPU
		{D48913E4-461F-40C4-94FA-5EF8C2440EAA}.Debug|Any CPU.ActiveCfg = Debug|Any CPU
		{D48913E4-461F-40C4-94FA-5EF8C2440EAA}.Debug|Any CPU.Build.0 = Debug|Any CPU
		{D48913E4-461F-40C4-94FA-5EF8C2440EAA}.Release|Any CPU.ActiveCfg = Release|Any CPU
		{D48913E4-461F-40C4-94FA-5EF8C2440EAA}.Release|Any CPU.Build.0 = Release|Any CPU
	EndGlobalSection
	GlobalSection(SolutionProperties) = preSolution
		HideSolutionNode = FALSE
	EndGlobalSection
	GlobalSection(ExtensibilityGlobals) = postSolution
		SolutionGuid = {1BED72CD-D429-4F82-A889-9AC972D9A169}
	EndGlobalSection
EndGlobal
